
Microsoft Visual Studio Solution File, Format Version 12.00
# Visual Studio Version 16
VisualStudioVersion = 16.0.30523.141
MinimumVisualStudioVersion = 10.0.40219.1
Project("{FAE04EC0-301F-11D3-BF4B-00C04F79EFBC}") = "Bostan_Miruna_Lab5", "Bostan_Miruna_Lab5.csproj", "{A762226E-123E-4DE4-9A5F-86F08F595323}"
EndProject
Global
	GlobalSection(SolutionConfigurationPlatforms) = preSolution
		Debug|Any CPU = Debug|Any CPU
		Release|Any CPU = Release|Any CPU
	EndGlobalSection
	GlobalSection(ProjectConfigurationPlatforms) = postSolution
		{A762226E-123E-4DE4-9A5F-86F08F595323}.Debug|Any CPU.ActiveCfg = Debug|Any CPU
		{A762226E-123E-4DE4-9A5F-86F08F595323}.Debug|Any CPU.Build.0 = Debug|Any CPU
		{A762226E-123E-4DE4-9A5F-86F08F595323}.Release|Any CPU.ActiveCfg = Release|Any CPU
		{A762226E-123E-4DE4-9A5F-86F08F595323}.Release|Any CPU.Build.0 = Release|Any CPU
	EndGlobalSection
	GlobalSection(SolutionProperties) = preSolution
		HideSolutionNode = FALSE
	EndGlobalSection
	GlobalSection(ExtensibilityGlobals) = postSolution
		SolutionGuid = {1A925B30-78F3-478C-B50A-A3D48AB5B0FB}
	EndGlobalSection
EndGlobal
